# This file is automatically @generated by Cargo.
# It is not intended for manual editing.
[[package]]
name = "r"
version = "0.1.0"
dependencies = [
 "uptic",
]

[[package]]
name = "uptic"
version = "0.1.0"
source = "registry+https://github.com/rust-lang/crates.io-index"
checksum = "33de6912d39dc3803b4d21d590f1fe999692275c61f189492ab1baa4cf3f97c0"
